// !$*UTF8*$!
{
	archiveVersion = 1;
	classes = {
	};
	objectVersion = 56;
	objects = {

/* Begin PBXBuildFile section */
		4AC5896A2C7DB1E900543FA8 /* BVOY_DemoApp.swift in Sources */ = {isa = PBXBuildFile; fileRef = 4AC589692C7DB1E900543FA8 /* BVOY_DemoApp.swift */; };
		4AC5896C2C7DB1E900543FA8 /* ContentView.swift in Sources */ = {isa = PBXBuildFile; fileRef = 4AC5896B2C7DB1E900543FA8 /* ContentView.swift */; };
		4AC5896E2C7DB1EA00543FA8 /* Assets.xcassets in Resources */ = {isa = PBXBuildFile; fileRef = 4AC5896D2C7DB1EA00543FA8 /* Assets.xcassets */; };
		4AC589712C7DB1EA00543FA8 /* Preview Assets.xcassets in Resources */ = {isa = PBXBuildFile; fileRef = 4AC589702C7DB1EA00543FA8 /* Preview Assets.xcassets */; };
		4AC589782C7DB22200543FA8 /* StepCountModel.swift in Sources */ = {isa = PBXBuildFile; fileRef = 4AC589772C7DB22200543FA8 /* StepCountModel.swift */; };
		4AC589802C7DC61600543FA8 /* StepCount.json in Resources */ = {isa = PBXBuildFile; fileRef = 4AC5897F2C7DC61600543FA8 /* StepCount.json */; };
		4AC589822C7DC8C500543FA8 /* AppConfig.swift in Sources */ = {isa = PBXBuildFile; fileRef = 4AC589812C7DC8C500543FA8 /* AppConfig.swift */; };
		4AC589862C7DCF3300543FA8 /* JSONDataSource.swift in Sources */ = {isa = PBXBuildFile; fileRef = 4AC589852C7DCF3300543FA8 /* JSONDataSource.swift */; };
		4AC589882C7DCF5100543FA8 /* HealthKitDataSource.swift in Sources */ = {isa = PBXBuildFile; fileRef = 4AC589872C7DCF5100543FA8 /* HealthKitDataSource.swift */; };
		A4170CC12C843E7B00A3C3C2 /* HeartRateModel.swift in Sources */ = {isa = PBXBuildFile; fileRef = A4170CC02C843E7B00A3C3C2 /* HeartRateModel.swift */; };
		A4170CE52C844E4400A3C3C2 /* HealthDataSource.swift in Sources */ = {isa = PBXBuildFile; fileRef = A4170CE42C844E4400A3C3C2 /* HealthDataSource.swift */; };
		A4170CE72C84504200A3C3C2 /* HealthDataRepository.swift in Sources */ = {isa = PBXBuildFile; fileRef = A4170CE62C84504200A3C3C2 /* HealthDataRepository.swift */; };
		A4170CE92C8457EF00A3C3C2 /* DetailsView.swift in Sources */ = {isa = PBXBuildFile; fileRef = A4170CE82C8457EF00A3C3C2 /* DetailsView.swift */; };
		A4170CEB2C84580C00A3C3C2 /* HealthDataChart.swift in Sources */ = {isa = PBXBuildFile; fileRef = A4170CEA2C84580C00A3C3C2 /* HealthDataChart.swift */; };
		A41D9C4F2C8073D6006B9B97 /* QuerySelector.swift in Sources */ = {isa = PBXBuildFile; fileRef = A41D9C4E2C8073D5006B9B97 /* QuerySelector.swift */; };
		A41D9C552C8075D4006B9B97 /* ErrorView.swift in Sources */ = {isa = PBXBuildFile; fileRef = A41D9C542C8075D4006B9B97 /* ErrorView.swift */; };
		A46ED7CC2C85EAA5003CC027 /* HealthDataView.swift in Sources */ = {isa = PBXBuildFile; fileRef = A46ED7CB2C85EAA5003CC027 /* HealthDataView.swift */; };
		A472A9312C7FB01A0091DA58 /* Query.swift in Sources */ = {isa = PBXBuildFile; fileRef = A472A9302C7FB01A0091DA58 /* Query.swift */; };
		A478EA882C836C18004EBD2A /* HealthDataViewModel.swift in Sources */ = {isa = PBXBuildFile; fileRef = A478EA872C836C18004EBD2A /* HealthDataViewModel.swift */; };
		A478EA8A2C836C51004EBD2A /* HealthData.swift in Sources */ = {isa = PBXBuildFile; fileRef = A478EA892C836C51004EBD2A /* HealthData.swift */; };
		A478EA8C2C836CCA004EBD2A /* SleepDataModel.swift in Sources */ = {isa = PBXBuildFile; fileRef = A478EA8B2C836CCA004EBD2A /* SleepDataModel.swift */; };
		A4E1C8D22C870D700008AE09 /* HealthDataModel.xcdatamodeld in Sources */ = {isa = PBXBuildFile; fileRef = A4E1C8D02C870D700008AE09 /* HealthDataModel.xcdatamodeld */; };
		A4E1C8DC2C870E680008AE09 /* CDManager.swift in Sources */ = {isa = PBXBuildFile; fileRef = A4E1C8DB2C870E680008AE09 /* CDManager.swift */; };
		A4E1C8DE2C870EB10008AE09 /* CDDataSource.swift in Sources */ = {isa = PBXBuildFile; fileRef = A4E1C8DD2C870EB10008AE09 /* CDDataSource.swift */; };
		A4E1C8E92C8763400008AE09 /* QueryResult+CoreDataClass.swift in Sources */ = {isa = PBXBuildFile; fileRef = A4E1C8E72C8763400008AE09 /* QueryResult+CoreDataClass.swift */; };
		A4E1C8EA2C8763400008AE09 /* QueryResult+CoreDataProperties.swift in Sources */ = {isa = PBXBuildFile; fileRef = A4E1C8E82C8763400008AE09 /* QueryResult+CoreDataProperties.swift */; };
/* End PBXBuildFile section */

/* Begin PBXFileReference section */
		4AC589662C7DB1E900543FA8 /* BVOY Demo.app */ = {isa = PBXFileReference; explicitFileType = wrapper.application; includeInIndex = 0; path = "BVOY Demo.app"; sourceTree = BUILT_PRODUCTS_DIR; };
		4AC589692C7DB1E900543FA8 /* BVOY_DemoApp.swift */ = {isa = PBXFileReference; lastKnownFileType = sourcecode.swift; path = BVOY_DemoApp.swift; sourceTree = "<group>"; };
		4AC5896B2C7DB1E900543FA8 /* ContentView.swift */ = {isa = PBXFileReference; lastKnownFileType = sourcecode.swift; path = ContentView.swift; sourceTree = "<group>"; };
		4AC5896D2C7DB1EA00543FA8 /* Assets.xcassets */ = {isa = PBXFileReference; lastKnownFileType = folder.assetcatalog; path = Assets.xcassets; sourceTree = "<group>"; };
		4AC589702C7DB1EA00543FA8 /* Preview Assets.xcassets */ = {isa = PBXFileReference; lastKnownFileType = folder.assetcatalog; path = "Preview Assets.xcassets"; sourceTree = "<group>"; };
		4AC589772C7DB22200543FA8 /* StepCountModel.swift */ = {isa = PBXFileReference; lastKnownFileType = sourcecode.swift; path = StepCountModel.swift; sourceTree = "<group>"; };
		4AC5897F2C7DC61600543FA8 /* StepCount.json */ = {isa = PBXFileReference; lastKnownFileType = text.json; path = StepCount.json; sourceTree = "<group>"; };
		4AC589812C7DC8C500543FA8 /* AppConfig.swift */ = {isa = PBXFileReference; lastKnownFileType = sourcecode.swift; path = AppConfig.swift; sourceTree = "<group>"; };
		4AC589832C7DCE7B00543FA8 /* BVOY-Demo-Info.plist */ = {isa = PBXFileReference; lastKnownFileType = text.plist; path = "BVOY-Demo-Info.plist"; sourceTree = SOURCE_ROOT; };
		4AC589842C7DCEAA00543FA8 /* BVOY Demo.entitlements */ = {isa = PBXFileReference; lastKnownFileType = text.plist.entitlements; path = "BVOY Demo.entitlements"; sourceTree = "<group>"; };
		4AC589852C7DCF3300543FA8 /* JSONDataSource.swift */ = {isa = PBXFileReference; lastKnownFileType = sourcecode.swift; path = JSONDataSource.swift; sourceTree = "<group>"; };
		4AC589872C7DCF5100543FA8 /* HealthKitDataSource.swift */ = {isa = PBXFileReference; lastKnownFileType = sourcecode.swift; path = HealthKitDataSource.swift; sourceTree = "<group>"; };
		A4170CC02C843E7B00A3C3C2 /* HeartRateModel.swift */ = {isa = PBXFileReference; lastKnownFileType = sourcecode.swift; path = HeartRateModel.swift; sourceTree = "<group>"; };
		A4170CE42C844E4400A3C3C2 /* HealthDataSource.swift */ = {isa = PBXFileReference; lastKnownFileType = sourcecode.swift; path = HealthDataSource.swift; sourceTree = "<group>"; };
		A4170CE62C84504200A3C3C2 /* HealthDataRepository.swift */ = {isa = PBXFileReference; lastKnownFileType = sourcecode.swift; path = HealthDataRepository.swift; sourceTree = "<group>"; };
		A4170CE82C8457EF00A3C3C2 /* DetailsView.swift */ = {isa = PBXFileReference; lastKnownFileType = sourcecode.swift; path = DetailsView.swift; sourceTree = "<group>"; };
		A4170CEA2C84580C00A3C3C2 /* HealthDataChart.swift */ = {isa = PBXFileReference; lastKnownFileType = sourcecode.swift; path = HealthDataChart.swift; sourceTree = "<group>"; };
		A41D9C4E2C8073D5006B9B97 /* QuerySelector.swift */ = {isa = PBXFileReference; lastKnownFileType = sourcecode.swift; path = QuerySelector.swift; sourceTree = "<group>"; };
		A41D9C542C8075D4006B9B97 /* ErrorView.swift */ = {isa = PBXFileReference; lastKnownFileType = sourcecode.swift; path = ErrorView.swift; sourceTree = "<group>"; };
		A46ED7CB2C85EAA5003CC027 /* HealthDataView.swift */ = {isa = PBXFileReference; lastKnownFileType = sourcecode.swift; path = HealthDataView.swift; sourceTree = "<group>"; };
		A472A9302C7FB01A0091DA58 /* Query.swift */ = {isa = PBXFileReference; lastKnownFileType = sourcecode.swift; path = Query.swift; sourceTree = "<group>"; };
		A478EA872C836C18004EBD2A /* HealthDataViewModel.swift */ = {isa = PBXFileReference; lastKnownFileType = sourcecode.swift; path = HealthDataViewModel.swift; sourceTree = "<group>"; };
		A478EA892C836C51004EBD2A /* HealthData.swift */ = {isa = PBXFileReference; lastKnownFileType = sourcecode.swift; path = HealthData.swift; sourceTree = "<group>"; };
		A478EA8B2C836CCA004EBD2A /* SleepDataModel.swift */ = {isa = PBXFileReference; lastKnownFileType = sourcecode.swift; path = SleepDataModel.swift; sourceTree = "<group>"; };
		A4E1C8D12C870D700008AE09 /* HealthDataModel.xcdatamodel */ = {isa = PBXFileReference; lastKnownFileType = wrapper.xcdatamodel; path = HealthDataModel.xcdatamodel; sourceTree = "<group>"; };
		A4E1C8DB2C870E680008AE09 /* CDManager.swift */ = {isa = PBXFileReference; lastKnownFileType = sourcecode.swift; path = CDManager.swift; sourceTree = "<group>"; };
		A4E1C8DD2C870EB10008AE09 /* CDDataSource.swift */ = {isa = PBXFileReference; lastKnownFileType = sourcecode.swift; path = CDDataSource.swift; sourceTree = "<group>"; };
		A4E1C8E72C8763400008AE09 /* QueryResult+CoreDataClass.swift */ = {isa = PBXFileReference; lastKnownFileType = sourcecode.swift; path = "QueryResult+CoreDataClass.swift"; sourceTree = "<group>"; };
		A4E1C8E82C8763400008AE09 /* QueryResult+CoreDataProperties.swift */ = {isa = PBXFileReference; lastKnownFileType = sourcecode.swift; path = "QueryResult+CoreDataProperties.swift"; sourceTree = "<group>"; };
/* End PBXFileReference section */

/* Begin PBXFrameworksBuildPhase section */
		4AC589632C7DB1E900543FA8 /* Frameworks */ = {
			isa = PBXFrameworksBuildPhase;
			buildActionMask = 2147483647;
			files = (
			);
			runOnlyForDeploymentPostprocessing = 0;
		};
/* End PBXFrameworksBuildPhase section */

/* Begin PBXGroup section */
		4AC5895D2C7DB1E900543FA8 = {
			isa = PBXGroup;
			children = (
				4AC589682C7DB1E900543FA8 /* BVOY Demo */,
				4AC589672C7DB1E900543FA8 /* Products */,
			);
			sourceTree = "<group>";
		};
		4AC589672C7DB1E900543FA8 /* Products */ = {
			isa = PBXGroup;
			children = (
				4AC589662C7DB1E900543FA8 /* BVOY Demo.app */,
			);
			name = Products;
			sourceTree = "<group>";
		};
		4AC589682C7DB1E900543FA8 /* BVOY Demo */ = {
			isa = PBXGroup;
			children = (
				A4E1C8EB2C8780F50008AE09 /* CoreData */,
				A47383162C80875900ADFBBD /* View Models */,
				A47383152C8086F400ADFBBD /* Models */,
				A47383142C8086DA00ADFBBD /* DataSource */,
				A47383132C8086C600ADFBBD /* Views */,
				4AC589842C7DCEAA00543FA8 /* BVOY Demo.entitlements */,
				4AC589812C7DC8C500543FA8 /* AppConfig.swift */,
				4AC5896B2C7DB1E900543FA8 /* ContentView.swift */,
				4AC589832C7DCE7B00543FA8 /* BVOY-Demo-Info.plist */,
				4AC589692C7DB1E900543FA8 /* BVOY_DemoApp.swift */,
				4AC5896D2C7DB1EA00543FA8 /* Assets.xcassets */,
				4AC5896F2C7DB1EA00543FA8 /* Preview Content */,
				4AC5897F2C7DC61600543FA8 /* StepCount.json */,
				A4E1C8D02C870D700008AE09 /* HealthDataModel.xcdatamodeld */,
			);
			path = "BVOY Demo";
			sourceTree = "<group>";
		};
		4AC5896F2C7DB1EA00543FA8 /* Preview Content */ = {
			isa = PBXGroup;
			children = (
				4AC589702C7DB1EA00543FA8 /* Preview Assets.xcassets */,
			);
			path = "Preview Content";
			sourceTree = "<group>";
		};
		A47383132C8086C600ADFBBD /* Views */ = {
			isa = PBXGroup;
			children = (
				A41D9C4E2C8073D5006B9B97 /* QuerySelector.swift */,
				A41D9C542C8075D4006B9B97 /* ErrorView.swift */,
				A4170CE82C8457EF00A3C3C2 /* DetailsView.swift */,
				A4170CEA2C84580C00A3C3C2 /* HealthDataChart.swift */,
				A46ED7CB2C85EAA5003CC027 /* HealthDataView.swift */,
			);
			path = Views;
			sourceTree = "<group>";
		};
		A47383142C8086DA00ADFBBD /* DataSource */ = {
			isa = PBXGroup;
			children = (
				A4E1C8DD2C870EB10008AE09 /* CDDataSource.swift */,
				4AC589872C7DCF5100543FA8 /* HealthKitDataSource.swift */,
				4AC589852C7DCF3300543FA8 /* JSONDataSource.swift */,
				A4170CE62C84504200A3C3C2 /* HealthDataRepository.swift */,
				A4170CE42C844E4400A3C3C2 /* HealthDataSource.swift */,
			);
			path = DataSource;
			sourceTree = "<group>";
		};
		A47383152C8086F400ADFBBD /* Models */ = {
			isa = PBXGroup;
			children = (
				A472A9302C7FB01A0091DA58 /* Query.swift */,
				A478EA892C836C51004EBD2A /* HealthData.swift */,
				4AC589772C7DB22200543FA8 /* StepCountModel.swift */,
				A478EA8B2C836CCA004EBD2A /* SleepDataModel.swift */,
				A4170CC02C843E7B00A3C3C2 /* HeartRateModel.swift */,
			);
			path = Models;
			sourceTree = "<group>";
		};
		A47383162C80875900ADFBBD /* View Models */ = {
			isa = PBXGroup;
			children = (
				A478EA872C836C18004EBD2A /* HealthDataViewModel.swift */,
			);
			path = "View Models";
			sourceTree = "<group>";
		};
		A4E1C8EB2C8780F50008AE09 /* CoreData */ = {
			isa = PBXGroup;
			children = (
				A4E1C8E72C8763400008AE09 /* QueryResult+CoreDataClass.swift */,
				A4E1C8E82C8763400008AE09 /* QueryResult+CoreDataProperties.swift */,
				A4E1C8DB2C870E680008AE09 /* CDManager.swift */,
			);
			path = CoreData;
			sourceTree = "<group>";
		};
/* End PBXGroup section */

/* Begin PBXNativeTarget section */
		4AC589652C7DB1E900543FA8 /* BVOY Demo */ = {
			isa = PBXNativeTarget;
			buildConfigurationList = 4AC589742C7DB1EA00543FA8 /* Build configuration list for PBXNativeTarget "BVOY Demo" */;
			buildPhases = (
				4AC589622C7DB1E900543FA8 /* Sources */,
				4AC589632C7DB1E900543FA8 /* Frameworks */,
				4AC589642C7DB1E900543FA8 /* Resources */,
			);
			buildRules = (
			);
			dependencies = (
			);
			name = "BVOY Demo";
			productName = "BVOY Demo";
			productReference = 4AC589662C7DB1E900543FA8 /* BVOY Demo.app */;
			productType = "com.apple.product-type.application";
		};
/* End PBXNativeTarget section */

/* Begin PBXProject section */
		4AC5895E2C7DB1E900543FA8 /* Project object */ = {
			isa = PBXProject;
			attributes = {
				BuildIndependentTargetsInParallel = 1;
				LastSwiftUpdateCheck = 1530;
				LastUpgradeCheck = 1530;
				TargetAttributes = {
					4AC589652C7DB1E900543FA8 = {
						CreatedOnToolsVersion = 15.3;
					};
				};
			};
			buildConfigurationList = 4AC589612C7DB1E900543FA8 /* Build configuration list for PBXProject "BVOY Demo" */;
			compatibilityVersion = "Xcode 14.0";
			developmentRegion = en;
			hasScannedForEncodings = 0;
			knownRegions = (
				en,
				Base,
			);
			mainGroup = 4AC5895D2C7DB1E900543FA8;
			productRefGroup = 4AC589672C7DB1E900543FA8 /* Products */;
			projectDirPath = "";
			projectRoot = "";
			targets = (
				4AC589652C7DB1E900543FA8 /* BVOY Demo */,
			);
		};
/* End PBXProject section */

/* Begin PBXResourcesBuildPhase section */
		4AC589642C7DB1E900543FA8 /* Resources */ = {
			isa = PBXResourcesBuildPhase;
			buildActionMask = 2147483647;
			files = (
				4AC589712C7DB1EA00543FA8 /* Preview Assets.xcassets in Resources */,
				4AC589802C7DC61600543FA8 /* StepCount.json in Resources */,
				4AC5896E2C7DB1EA00543FA8 /* Assets.xcassets in Resources */,
			);
			runOnlyForDeploymentPostprocessing = 0;
		};
/* End PBXResourcesBuildPhase section */

/* Begin PBXSourcesBuildPhase section */
		4AC589622C7DB1E900543FA8 /* Sources */ = {
			isa = PBXSourcesBuildPhase;
			buildActionMask = 2147483647;
			files = (
				4AC5896C2C7DB1E900543FA8 /* ContentView.swift in Sources */,
				A4170CC12C843E7B00A3C3C2 /* HeartRateModel.swift in Sources */,
				A478EA8C2C836CCA004EBD2A /* SleepDataModel.swift in Sources */,
				A4170CE52C844E4400A3C3C2 /* HealthDataSource.swift in Sources */,
				A4E1C8E92C8763400008AE09 /* QueryResult+CoreDataClass.swift in Sources */,
				A4E1C8EA2C8763400008AE09 /* QueryResult+CoreDataProperties.swift in Sources */,
				4AC589862C7DCF3300543FA8 /* JSONDataSource.swift in Sources */,
				A4E1C8D22C870D700008AE09 /* HealthDataModel.xcdatamodeld in Sources */,
				4AC589882C7DCF5100543FA8 /* HealthKitDataSource.swift in Sources */,
				A4170CEB2C84580C00A3C3C2 /* HealthDataChart.swift in Sources */,
				4AC589782C7DB22200543FA8 /* StepCountModel.swift in Sources */,
				A478EA882C836C18004EBD2A /* HealthDataViewModel.swift in Sources */,
				A4E1C8DE2C870EB10008AE09 /* CDDataSource.swift in Sources */,
				4AC589822C7DC8C500543FA8 /* AppConfig.swift in Sources */,
				A41D9C4F2C8073D6006B9B97 /* QuerySelector.swift in Sources */,
				A478EA8A2C836C51004EBD2A /* HealthData.swift in Sources */,
				A4170CE92C8457EF00A3C3C2 /* DetailsView.swift in Sources */,
				A472A9312C7FB01A0091DA58 /* Query.swift in Sources */,
				A41D9C552C8075D4006B9B97 /* ErrorView.swift in Sources */,
				A4E1C8DC2C870E680008AE09 /* CDManager.swift in Sources */,
				A46ED7CC2C85EAA5003CC027 /* HealthDataView.swift in Sources */,
				A4170CE72C84504200A3C3C2 /* HealthDataRepository.swift in Sources */,
				4AC5896A2C7DB1E900543FA8 /* BVOY_DemoApp.swift in Sources */,
			);
			runOnlyForDeploymentPostprocessing = 0;
		};
/* End PBXSourcesBuildPhase section */

/* Begin XCBuildConfiguration section */
		4AC589722C7DB1EA00543FA8 /* Debug */ = {
			isa = XCBuildConfiguration;
			buildSettings = {
				ALWAYS_SEARCH_USER_PATHS = NO;
				ASSETCATALOG_COMPILER_GENERATE_SWIFT_ASSET_SYMBOL_EXTENSIONS = YES;
				CLANG_ANALYZER_NONNULL = YES;
				CLANG_ANALYZER_NUMBER_OBJECT_CONVERSION = YES_AGGRESSIVE;
				CLANG_CXX_LANGUAGE_STANDARD = "gnu++20";
				CLANG_ENABLE_MODULES = YES;
				CLANG_ENABLE_OBJC_ARC = YES;
				CLANG_ENABLE_OBJC_WEAK = YES;
				CLANG_WARN_BLOCK_CAPTURE_AUTORELEASING = YES;
				CLANG_WARN_BOOL_CONVERSION = YES;
				CLANG_WARN_COMMA = YES;
				CLANG_WARN_CONSTANT_CONVERSION = YES;
				CLANG_WARN_DEPRECATED_OBJC_IMPLEMENTATIONS = YES;
				CLANG_WARN_DIRECT_OBJC_ISA_USAGE = YES_ERROR;
				CLANG_WARN_DOCUMENTATION_COMMENTS = YES;
				CLANG_WARN_EMPTY_BODY = YES;
				CLANG_WARN_ENUM_CONVERSION = YES;
				CLANG_WARN_INFINITE_RECURSION = YES;
				CLANG_WARN_INT_CONVERSION = YES;
				CLANG_WARN_NON_LITERAL_NULL_CONVERSION = YES;
				CLANG_WARN_OBJC_IMPLICIT_RETAIN_SELF = YES;
				CLANG_WARN_OBJC_LITERAL_CONVERSION = YES;
				CLANG_WARN_OBJC_ROOT_CLASS = YES_ERROR;
				CLANG_WARN_QUOTED_INCLUDE_IN_FRAMEWORK_HEADER = YES;
				CLANG_WARN_RANGE_LOOP_ANALYSIS = YES;
				CLANG_WARN_STRICT_PROTOTYPES = YES;
				CLANG_WARN_SUSPICIOUS_MOVE = YES;
				CLANG_WARN_UNGUARDED_AVAILABILITY = YES_AGGRESSIVE;
				CLANG_WARN_UNREACHABLE_CODE = YES;
				CLANG_WARN__DUPLICATE_METHOD_MATCH = YES;
				COPY_PHASE_STRIP = NO;
				DEBUG_INFORMATION_FORMAT = dwarf;
				ENABLE_STRICT_OBJC_MSGSEND = YES;
				ENABLE_TESTABILITY = YES;
				ENABLE_USER_SCRIPT_SANDBOXING = YES;
				GCC_C_LANGUAGE_STANDARD = gnu17;
				GCC_DYNAMIC_NO_PIC = NO;
				GCC_NO_COMMON_BLOCKS = YES;
				GCC_OPTIMIZATION_LEVEL = 0;
				GCC_PREPROCESSOR_DEFINITIONS = (
					"DEBUG=1",
					"$(inherited)",
				);
				GCC_WARN_64_TO_32_BIT_CONVERSION = YES;
				GCC_WARN_ABOUT_RETURN_TYPE = YES_ERROR;
				GCC_WARN_UNDECLARED_SELECTOR = YES;
				GCC_WARN_UNINITIALIZED_AUTOS = YES_AGGRESSIVE;
				GCC_WARN_UNUSED_FUNCTION = YES;
				GCC_WARN_UNUSED_VARIABLE = YES;
				IPHONEOS_DEPLOYMENT_TARGET = 17.4;
				LOCALIZATION_PREFERS_STRING_CATALOGS = YES;
				MTL_ENABLE_DEBUG_INFO = INCLUDE_SOURCE;
				MTL_FAST_MATH = YES;
				ONLY_ACTIVE_ARCH = YES;
				SDKROOT = iphoneos;
				SWIFT_ACTIVE_COMPILATION_CONDITIONS = "DEBUG $(inherited)";
				SWIFT_OPTIMIZATION_LEVEL = "-Onone";
			};
			name = Debug;
		};
		4AC589732C7DB1EA00543FA8 /* Release */ = {
			isa = XCBuildConfiguration;
			buildSettings = {
				ALWAYS_SEARCH_USER_PATHS = NO;
				ASSETCATALOG_COMPILER_GENERATE_SWIFT_ASSET_SYMBOL_EXTENSIONS = YES;
				CLANG_ANALYZER_NONNULL = YES;
				CLANG_ANALYZER_NUMBER_OBJECT_CONVERSION = YES_AGGRESSIVE;
				CLANG_CXX_LANGUAGE_STANDARD = "gnu++20";
				CLANG_ENABLE_MODULES = YES;
				CLANG_ENABLE_OBJC_ARC = YES;
				CLANG_ENABLE_OBJC_WEAK = YES;
				CLANG_WARN_BLOCK_CAPTURE_AUTORELEASING = YES;
				CLANG_WARN_BOOL_CONVERSION = YES;
				CLANG_WARN_COMMA = YES;
				CLANG_WARN_CONSTANT_CONVERSION = YES;
				CLANG_WARN_DEPRECATED_OBJC_IMPLEMENTATIONS = YES;
				CLANG_WARN_DIRECT_OBJC_ISA_USAGE = YES_ERROR;
				CLANG_WARN_DOCUMENTATION_COMMENTS = YES;
				CLANG_WARN_EMPTY_BODY = YES;
				CLANG_WARN_ENUM_CONVERSION = YES;
				CLANG_WARN_INFINITE_RECURSION = YES;
				CLANG_WARN_INT_CONVERSION = YES;
				CLANG_WARN_NON_LITERAL_NULL_CONVERSION = YES;
				CLANG_WARN_OBJC_IMPLICIT_RETAIN_SELF = YES;
				CLANG_WARN_OBJC_LITERAL_CONVERSION = YES;
				CLANG_WARN_OBJC_ROOT_CLASS = YES_ERROR;
				CLANG_WARN_QUOTED_INCLUDE_IN_FRAMEWORK_HEADER = YES;
				CLANG_WARN_RANGE_LOOP_ANALYSIS = YES;
				CLANG_WARN_STRICT_PROTOTYPES = YES;
				CLANG_WARN_SUSPICIOUS_MOVE = YES;
				CLANG_WARN_UNGUARDED_AVAILABILITY = YES_AGGRESSIVE;
				CLANG_WARN_UNREACHABLE_CODE = YES;
				CLANG_WARN__DUPLICATE_METHOD_MATCH = YES;
				COPY_PHASE_STRIP = NO;
				DEBUG_INFORMATION_FORMAT = "dwarf-with-dsym";
				ENABLE_NS_ASSERTIONS = NO;
				ENABLE_STRICT_OBJC_MSGSEND = YES;
				ENABLE_USER_SCRIPT_SANDBOXING = YES;
				GCC_C_LANGUAGE_STANDARD = gnu17;
				GCC_NO_COMMON_BLOCKS = YES;
				GCC_WARN_64_TO_32_BIT_CONVERSION = YES;
				GCC_WARN_ABOUT_RETURN_TYPE = YES_ERROR;
				GCC_WARN_UNDECLARED_SELECTOR = YES;
				GCC_WARN_UNINITIALIZED_AUTOS = YES_AGGRESSIVE;
				GCC_WARN_UNUSED_FUNCTION = YES;
				GCC_WARN_UNUSED_VARIABLE = YES;
				IPHONEOS_DEPLOYMENT_TARGET = 17.4;
				LOCALIZATION_PREFERS_STRING_CATALOGS = YES;
				MTL_ENABLE_DEBUG_INFO = NO;
				MTL_FAST_MATH = YES;
				SDKROOT = iphoneos;
				SWIFT_COMPILATION_MODE = wholemodule;
				VALIDATE_PRODUCT = YES;
			};
			name = Release;
		};
		4AC589752C7DB1EA00543FA8 /* Debug */ = {
			isa = XCBuildConfiguration;
			buildSettings = {
				ASSETCATALOG_COMPILER_APPICON_NAME = AppIcon;
				ASSETCATALOG_COMPILER_GLOBAL_ACCENT_COLOR_NAME = AccentColor;
				CODE_SIGN_ENTITLEMENTS = "BVOY Demo/BVOY Demo.entitlements";
				CODE_SIGN_STYLE = Automatic;
				CURRENT_PROJECT_VERSION = 1;
				DEVELOPMENT_ASSET_PATHS = "\"BVOY Demo/Preview Content\"";
				DEVELOPMENT_TEAM = 29X3G5JD43;
				ENABLE_PREVIEWS = YES;
				GENERATE_INFOPLIST_FILE = YES;
				INFOPLIST_FILE = "BVOY-Demo-Info.plist";
				INFOPLIST_KEY_NSHealthShareUsageDescription = "This app requires access to your step count data to display your activity levels.";
				INFOPLIST_KEY_NSHealthUpdateUsageDescription = "This app does not need to update your health data.";
				INFOPLIST_KEY_UIApplicationSceneManifest_Generation = YES;
				INFOPLIST_KEY_UIApplicationSupportsIndirectInputEvents = YES;
				INFOPLIST_KEY_UILaunchScreen_Generation = YES;
				INFOPLIST_KEY_UISupportedInterfaceOrientations_iPad = "UIInterfaceOrientationPortrait UIInterfaceOrientationPortraitUpsideDown UIInterfaceOrientationLandscapeLeft UIInterfaceOrientationLandscapeRight";
				INFOPLIST_KEY_UISupportedInterfaceOrientations_iPhone = "UIInterfaceOrientationPortrait UIInterfaceOrientationLandscapeLeft UIInterfaceOrientationLandscapeRight";
				LD_RUNPATH_SEARCH_PATHS = (
					"$(inherited)",
					"@executable_path/Frameworks",
				);
				MARKETING_VERSION = 1.0;
				PRODUCT_BUNDLE_IDENTIFIER = sahilsaiyad.HealthTestDemo;
				PRODUCT_NAME = "$(TARGET_NAME)";
				SWIFT_EMIT_LOC_STRINGS = YES;
				SWIFT_VERSION = 5.0;
				TARGETED_DEVICE_FAMILY = "1,2";
			};
			name = Debug;
		};
		4AC589762C7DB1EA00543FA8 /* Release */ = {
			isa = XCBuildConfiguration;
			buildSettings = {
				ASSETCATALOG_COMPILER_APPICON_NAME = AppIcon;
				ASSETCATALOG_COMPILER_GLOBAL_ACCENT_COLOR_NAME = AccentColor;
				CODE_SIGN_ENTITLEMENTS = "BVOY Demo/BVOY Demo.entitlements";
				CODE_SIGN_STYLE = Automatic;
				CURRENT_PROJECT_VERSION = 1;
				DEVELOPMENT_ASSET_PATHS = "\"BVOY Demo/Preview Content\"";
				DEVELOPMENT_TEAM = 29X3G5JD43;
				ENABLE_PREVIEWS = YES;
				GENERATE_INFOPLIST_FILE = YES;
				INFOPLIST_FILE = "BVOY-Demo-Info.plist";
				INFOPLIST_KEY_NSHealthShareUsageDescription = "This app requires access to your step count data to display your activity levels.";
				INFOPLIST_KEY_NSHealthUpdateUsageDescription = "This app does not need to update your health data.";
				INFOPLIST_KEY_UIApplicationSceneManifest_Generation = YES;
				INFOPLIST_KEY_UIApplicationSupportsIndirectInputEvents = YES;
				INFOPLIST_KEY_UILaunchScreen_Generation = YES;
				INFOPLIST_KEY_UISupportedInterfaceOrientations_iPad = "UIInterfaceOrientationPortrait UIInterfaceOrientationPortraitUpsideDown UIInterfaceOrientationLandscapeLeft UIInterfaceOrientationLandscapeRight";
				INFOPLIST_KEY_UISupportedInterfaceOrientations_iPhone = "UIInterfaceOrientationPortrait UIInterfaceOrientationLandscapeLeft UIInterfaceOrientationLandscapeRight";
				LD_RUNPATH_SEARCH_PATHS = (
					"$(inherited)",
					"@executable_path/Frameworks",
				);
				MARKETING_VERSION = 1.0;
				PRODUCT_BUNDLE_IDENTIFIER = sahilsaiyad.HealthTestDemo;
				PRODUCT_NAME = "$(TARGET_NAME)";
				SWIFT_EMIT_LOC_STRINGS = YES;
				SWIFT_VERSION = 5.0;
				TARGETED_DEVICE_FAMILY = "1,2";
			};
			name = Release;
		};
/* End XCBuildConfiguration section */

/* Begin XCConfigurationList section */
		4AC589612C7DB1E900543FA8 /* Build configuration list for PBXProject "BVOY Demo" */ = {
			isa = XCConfigurationList;
			buildConfigurations = (
				4AC589722C7DB1EA00543FA8 /* Debug */,
				4AC589732C7DB1EA00543FA8 /* Release */,
			);
			defaultConfigurationIsVisible = 0;
			defaultConfigurationName = Release;
		};
		4AC589742C7DB1EA00543FA8 /* Build configuration list for PBXNativeTarget "BVOY Demo" */ = {
			isa = XCConfigurationList;
			buildConfigurations = (
				4AC589752C7DB1EA00543FA8 /* Debug */,
				4AC589762C7DB1EA00543FA8 /* Release */,
			);
			defaultConfigurationIsVisible = 0;
			defaultConfigurationName = Release;
		};
/* End XCConfigurationList section */

/* Begin XCVersionGroup section */
		A4E1C8D02C870D700008AE09 /* HealthDataModel.xcdatamodeld */ = {
			isa = XCVersionGroup;
			children = (
				A4E1C8D12C870D700008AE09 /* HealthDataModel.xcdatamodel */,
			);
			currentVersion = A4E1C8D12C870D700008AE09 /* HealthDataModel.xcdatamodel */;
			name = HealthDataModel.xcdatamodeld;
			path = "/Users/jimjam/Desktop/StepsCountApp/BVOY Demo/HealthDataModel.xcdatamodeld";
			sourceTree = "<group>";
			versionGroupType = wrapper.xcdatamodel;
		};
/* End XCVersionGroup section */
	};
	rootObject = 4AC5895E2C7DB1E900543FA8 /* Project object */;
}
